{
  "name": "pdf",
  "version": "0.4.1",
  "dependencies": {
    "ajv": {
      "version": "6.5.5",
      "from": "ajv@>=6.5.5 <7.0.0",
      "resolved": "https://registry.npmjs.org/ajv/-/ajv-6.5.5.tgz"
    },
    "ansi-cyan": {
      "version": "0.1.1",
      "from": "ansi-cyan@>=0.1.1 <0.2.0",
      "resolved": "https://registry.npmjs.org/ansi-cyan/-/ansi-cyan-0.1.1.tgz"
    },
    "ansi-red": {
      "version": "0.1.1",
      "from": "ansi-red@>=0.1.1 <0.2.0",
      "resolved": "https://registry.npmjs.org/ansi-red/-/ansi-red-0.1.1.tgz"
    },
    "ansi-wrap": {
      "version": "0.1.0",
      "from": "ansi-wrap@0.1.0",
      "resolved": "https://registry.npmjs.org/ansi-wrap/-/ansi-wrap-0.1.0.tgz"
    },
    "append-buffer": {
      "version": "1.0.2",
      "from": "append-buffer@>=1.0.2 <2.0.0",
      "resolved": "https://registry.npmjs.org/append-buffer/-/append-buffer-1.0.2.tgz"
    },
    "arr-diff": {
      "version": "1.1.0",
      "from": "arr-diff@>=1.0.1 <2.0.0",
      "resolved": "https://registry.npmjs.org/arr-diff/-/arr-diff-1.1.0.tgz"
    },
    "arr-flatten": {
      "version": "1.1.0",
      "from": "arr-flatten@>=1.0.1 <2.0.0",
      "resolved": "https://registry.npmjs.org/arr-flatten/-/arr-flatten-1.1.0.tgz"
    },
    "arr-union": {
      "version": "2.1.0",
      "from": "arr-union@>=2.0.1 <3.0.0",
      "resolved": "https://registry.npmjs.org/arr-union/-/arr-union-2.1.0.tgz"
    },
    "array-differ": {
      "version": "1.0.0",
      "from": "array-differ@>=1.0.0 <2.0.0",
      "resolved": "https://registry.npmjs.org/array-differ/-/array-differ-1.0.0.tgz"
    },
    "array-slice": {
      "version": "0.2.3",
      "from": "array-slice@>=0.2.3 <0.3.0",
      "resolved": "https://registry.npmjs.org/array-slice/-/array-slice-0.2.3.tgz"
    },
    "array-union": {
      "version": "1.0.2",
      "from": "array-union@>=1.0.1 <2.0.0",
      "resolved": "https://registry.npmjs.org/array-union/-/array-union-1.0.2.tgz"
    },
    "array-uniq": {
      "version": "1.0.3",
      "from": "array-uniq@>=1.0.1 <2.0.0",
      "resolved": "https://registry.npmjs.org/array-uniq/-/array-uniq-1.0.3.tgz"
    },
    "array-unique": {
      "version": "0.2.1",
      "from": "array-unique@>=0.2.1 <0.3.0",
      "resolved": "https://registry.npmjs.org/array-unique/-/array-unique-0.2.1.tgz"
    },
    "arrify": {
      "version": "1.0.1",
      "from": "arrify@>=1.0.0 <2.0.0",
      "resolved": "https://registry.npmjs.org/arrify/-/arrify-1.0.1.tgz"
    },
    "asn1": {
      "version": "0.2.4",
      "from": "asn1@>=0.2.3 <0.3.0",
      "resolved": "https://registry.npmjs.org/asn1/-/asn1-0.2.4.tgz"
    },
    "assert-plus": {
      "version": "1.0.0",
      "from": "assert-plus@>=1.0.0 <2.0.0",
      "resolved": "https://registry.npmjs.org/assert-plus/-/assert-plus-1.0.0.tgz"
    },
    "asynckit": {
      "version": "0.4.0",
      "from": "asynckit@>=0.4.0 <0.5.0",
      "resolved": "https://registry.npmjs.org/asynckit/-/asynckit-0.4.0.tgz"
    },
    "aws-sign2": {
      "version": "0.7.0",
      "from": "aws-sign2@>=0.7.0 <0.8.0",
      "resolved": "https://registry.npmjs.org/aws-sign2/-/aws-sign2-0.7.0.tgz"
    },
    "aws4": {
      "version": "1.8.0",
      "from": "aws4@>=1.8.0 <2.0.0",
      "resolved": "https://registry.npmjs.org/aws4/-/aws4-1.8.0.tgz"
    },
    "balanced-match": {
      "version": "1.0.0",
      "from": "balanced-match@>=1.0.0 <2.0.0",
      "resolved": "https://registry.npmjs.org/balanced-match/-/balanced-match-1.0.0.tgz"
    },
    "bcrypt-pbkdf": {
      "version": "1.0.2",
      "from": "bcrypt-pbkdf@>=1.0.0 <2.0.0",
      "resolved": "https://registry.npmjs.org/bcrypt-pbkdf/-/bcrypt-pbkdf-1.0.2.tgz"
    },
    "block-stream": {
      "version": "0.0.9",
      "from": "block-stream@*",
      "resolved": "https://registry.npmjs.org/block-stream/-/block-stream-0.0.9.tgz"
    },
    "brace-expansion": {
      "version": "1.1.11",
      "from": "brace-expansion@>=1.1.7 <2.0.0",
      "resolved": "https://registry.npmjs.org/brace-expansion/-/brace-expansion-1.1.11.tgz"
    },
    "braces": {
      "version": "1.8.5",
      "from": "braces@>=1.8.2 <2.0.0",
      "resolved": "https://registry.npmjs.org/braces/-/braces-1.8.5.tgz"
    },
    "buffer-crc32": {
      "version": "0.2.13",
      "from": "buffer-crc32@>=0.2.3 <0.3.0",
      "resolved": "https://registry.npmjs.org/buffer-crc32/-/buffer-crc32-0.2.13.tgz"
    },
    "buffer-equal": {
      "version": "1.0.0",
      "from": "buffer-equal@>=1.0.0 <2.0.0",
      "resolved": "https://registry.npmjs.org/buffer-equal/-/buffer-equal-1.0.0.tgz"
    },
    "buffer-from": {
      "version": "1.1.1",
      "from": "buffer-from@>=1.0.0 <2.0.0",
      "resolved": "https://registry.npmjs.org/buffer-from/-/buffer-from-1.1.1.tgz"
    },
    "caseless": {
      "version": "0.12.0",
      "from": "caseless@>=0.12.0 <0.13.0",
      "resolved": "https://registry.npmjs.org/caseless/-/caseless-0.12.0.tgz"
    },
    "clone": {
      "version": "0.2.0",
      "from": "clone@>=0.2.0 <0.3.0",
      "resolved": "https://registry.npmjs.org/clone/-/clone-0.2.0.tgz"
    },
    "clone-buffer": {
      "version": "1.0.0",
      "from": "clone-buffer@>=1.0.0 <2.0.0",
      "resolved": "https://registry.npmjs.org/clone-buffer/-/clone-buffer-1.0.0.tgz"
    },
    "clone-stats": {
      "version": "0.0.1",
      "from": "clone-stats@>=0.0.1 <0.0.2",
      "resolved": "https://registry.npmjs.org/clone-stats/-/clone-stats-0.0.1.tgz"
    },
    "cloneable-readable": {
      "version": "1.1.2",
      "from": "cloneable-readable@>=1.0.0 <2.0.0",
      "resolved": "https://registry.npmjs.org/cloneable-readable/-/cloneable-readable-1.1.2.tgz"
    },
    "combined-stream": {
      "version": "1.0.7",
      "from": "combined-stream@>=1.0.6 <1.1.0",
      "resolved": "https://registry.npmjs.org/combined-stream/-/combined-stream-1.0.7.tgz"
    },
    "concat-map": {
      "version": "0.0.1",
      "from": "concat-map@0.0.1",
      "resolved": "https://registry.npmjs.org/concat-map/-/concat-map-0.0.1.tgz"
    },
    "convert-source-map": {
      "version": "1.6.0",
      "from": "convert-source-map@>=1.1.1 <2.0.0",
      "resolved": "https://registry.npmjs.org/convert-source-map/-/convert-source-map-1.6.0.tgz"
    },
    "core-util-is": {
      "version": "1.0.2",
      "from": "core-util-is@>=1.0.0 <1.1.0",
      "resolved": "https://registry.npmjs.org/core-util-is/-/core-util-is-1.0.2.tgz"
    },
    "dashdash": {
      "version": "1.14.1",
      "from": "dashdash@>=1.12.0 <2.0.0",
      "resolved": "https://registry.npmjs.org/dashdash/-/dashdash-1.14.1.tgz"
    },
    "deep-assign": {
      "version": "1.0.0",
      "from": "deep-assign@>=1.0.0 <2.0.0",
      "resolved": "https://registry.npmjs.org/deep-assign/-/deep-assign-1.0.0.tgz"
    },
    "define-properties": {
      "version": "1.1.3",
      "from": "define-properties@>=1.1.2 <2.0.0",
      "resolved": "https://registry.npmjs.org/define-properties/-/define-properties-1.1.3.tgz"
    },
    "delayed-stream": {
      "version": "1.0.0",
      "from": "delayed-stream@>=1.0.0 <1.1.0",
      "resolved": "https://registry.npmjs.org/delayed-stream/-/delayed-stream-1.0.0.tgz"
    },
    "duplexer": {
      "version": "0.1.1",
      "from": "duplexer@>=0.1.1 <0.2.0",
      "resolved": "https://registry.npmjs.org/duplexer/-/duplexer-0.1.1.tgz"
    },
    "duplexify": {
      "version": "3.6.1",
      "from": "duplexify@>=3.2.0 <4.0.0",
      "resolved": "https://registry.npmjs.org/duplexify/-/duplexify-3.6.1.tgz"
    },
    "ecc-jsbn": {
      "version": "0.1.2",
      "from": "ecc-jsbn@>=0.1.1 <0.2.0",
      "resolved": "https://registry.npmjs.org/ecc-jsbn/-/ecc-jsbn-0.1.2.tgz"
    },
    "end-of-stream": {
      "version": "1.4.1",
      "from": "end-of-stream@>=1.0.0 <2.0.0",
      "resolved": "https://registry.npmjs.org/end-of-stream/-/end-of-stream-1.4.1.tgz"
    },
    "expand-brackets": {
      "version": "0.1.5",
      "from": "expand-brackets@>=0.1.4 <0.2.0",
      "resolved": "https://registry.npmjs.org/expand-brackets/-/expand-brackets-0.1.5.tgz"
    },
    "expand-range": {
      "version": "1.8.2",
      "from": "expand-range@>=1.8.1 <2.0.0",
      "resolved": "https://registry.npmjs.org/expand-range/-/expand-range-1.8.2.tgz"
    },
    "extend": {
      "version": "3.0.2",
      "from": "extend@>=3.0.2 <3.1.0",
      "resolved": "https://registry.npmjs.org/extend/-/extend-3.0.2.tgz"
    },
    "extend-shallow": {
      "version": "1.1.4",
      "from": "extend-shallow@>=1.1.2 <2.0.0",
      "resolved": "https://registry.npmjs.org/extend-shallow/-/extend-shallow-1.1.4.tgz"
    },
    "extglob": {
      "version": "0.3.2",
      "from": "extglob@>=0.3.1 <0.4.0",
      "resolved": "https://registry.npmjs.org/extglob/-/extglob-0.3.2.tgz",
      "dependencies": {
        "is-extglob": {
          "version": "1.0.0",
          "from": "is-extglob@>=1.0.0 <2.0.0",
          "resolved": "https://registry.npmjs.org/is-extglob/-/is-extglob-1.0.0.tgz"
        }
      }
    },
    "extsprintf": {
      "version": "1.3.0",
      "from": "extsprintf@1.3.0",
      "resolved": "https://registry.npmjs.org/extsprintf/-/extsprintf-1.3.0.tgz"
    },
    "fast-deep-equal": {
      "version": "2.0.1",
      "from": "fast-deep-equal@>=2.0.1 <3.0.0",
      "resolved": "https://registry.npmjs.org/fast-deep-equal/-/fast-deep-equal-2.0.1.tgz"
    },
    "fast-json-stable-stringify": {
      "version": "2.0.0",
      "from": "fast-json-stable-stringify@>=2.0.0 <3.0.0",
      "resolved": "https://registry.npmjs.org/fast-json-stable-stringify/-/fast-json-stable-stringify-2.0.0.tgz"
    },
    "fd-slicer": {
      "version": "1.1.0",
      "from": "fd-slicer@>=1.1.0 <1.2.0",
      "resolved": "https://registry.npmjs.org/fd-slicer/-/fd-slicer-1.1.0.tgz"
    },
    "filename-regex": {
      "version": "2.0.1",
      "from": "filename-regex@>=2.0.0 <3.0.0",
      "resolved": "https://registry.npmjs.org/filename-regex/-/filename-regex-2.0.1.tgz"
    },
    "fill-range": {
      "version": "2.2.4",
      "from": "fill-range@>=2.1.0 <3.0.0",
      "resolved": "https://registry.npmjs.org/fill-range/-/fill-range-2.2.4.tgz"
    },
    "first-chunk-stream": {
      "version": "1.0.0",
      "from": "first-chunk-stream@>=1.0.0 <2.0.0",
      "resolved": "https://registry.npmjs.org/first-chunk-stream/-/first-chunk-stream-1.0.0.tgz"
    },
    "flush-write-stream": {
      "version": "1.0.3",
      "from": "flush-write-stream@>=1.0.2 <2.0.0",
      "resolved": "https://registry.npmjs.org/flush-write-stream/-/flush-write-stream-1.0.3.tgz"
    },
    "for-in": {
      "version": "1.0.2",
      "from": "for-in@>=1.0.1 <2.0.0",
      "resolved": "https://registry.npmjs.org/for-in/-/for-in-1.0.2.tgz"
    },
    "for-own": {
      "version": "0.1.5",
      "from": "for-own@>=0.1.4 <0.2.0",
      "resolved": "https://registry.npmjs.org/for-own/-/for-own-0.1.5.tgz"
    },
    "forever-agent": {
      "version": "0.6.1",
      "from": "forever-agent@>=0.6.1 <0.7.0",
      "resolved": "https://registry.npmjs.org/forever-agent/-/forever-agent-0.6.1.tgz"
    },
    "form-data": {
      "version": "2.3.3",
      "from": "form-data@>=2.3.2 <2.4.0",
      "resolved": "https://registry.npmjs.org/form-data/-/form-data-2.3.3.tgz"
    },
    "from": {
      "version": "0.1.7",
      "from": "from@>=0.0.0 <1.0.0",
      "resolved": "https://registry.npmjs.org/from/-/from-0.1.7.tgz"
    },
    "fs-mkdirp-stream": {
      "version": "1.0.0",
      "from": "fs-mkdirp-stream@>=1.0.0 <2.0.0",
      "resolved": "https://registry.npmjs.org/fs-mkdirp-stream/-/fs-mkdirp-stream-1.0.0.tgz"
    },
    "fs.realpath": {
      "version": "1.0.0",
      "from": "fs.realpath@>=1.0.0 <2.0.0",
      "resolved": "https://registry.npmjs.org/fs.realpath/-/fs.realpath-1.0.0.tgz"
    },
    "fstream": {
      "version": "1.0.11",
      "from": "fstream@>=1.0.2 <2.0.0",
      "resolved": "https://registry.npmjs.org/fstream/-/fstream-1.0.11.tgz"
    },
    "function-bind": {
      "version": "1.1.1",
      "from": "function-bind@>=1.1.1 <2.0.0",
      "resolved": "https://registry.npmjs.org/function-bind/-/function-bind-1.1.1.tgz"
    },
    "getpass": {
      "version": "0.1.7",
      "from": "getpass@>=0.1.1 <0.2.0",
      "resolved": "https://registry.npmjs.org/getpass/-/getpass-0.1.7.tgz"
    },
    "glob": {
      "version": "7.1.3",
      "from": "glob@>=7.1.2 <8.0.0",
      "resolved": "https://registry.npmjs.org/glob/-/glob-7.1.3.tgz"
    },
    "glob-base": {
      "version": "0.3.0",
      "from": "glob-base@>=0.3.0 <0.4.0",
      "resolved": "https://registry.npmjs.org/glob-base/-/glob-base-0.3.0.tgz",
      "dependencies": {
        "glob-parent": {
          "version": "2.0.0",
          "from": "glob-parent@>=2.0.0 <3.0.0",
          "resolved": "https://registry.npmjs.org/glob-parent/-/glob-parent-2.0.0.tgz"
        },
        "is-extglob": {
          "version": "1.0.0",
          "from": "is-extglob@>=1.0.0 <2.0.0",
          "resolved": "https://registry.npmjs.org/is-extglob/-/is-extglob-1.0.0.tgz"
        },
        "is-glob": {
          "version": "2.0.1",
          "from": "is-glob@>=2.0.0 <3.0.0",
          "resolved": "https://registry.npmjs.org/is-glob/-/is-glob-2.0.1.tgz"
        }
      }
    },
    "glob-parent": {
      "version": "3.1.0",
      "from": "glob-parent@>=3.0.0 <4.0.0",
      "resolved": "https://registry.npmjs.org/glob-parent/-/glob-parent-3.1.0.tgz"
    },
    "glob-stream": {
      "version": "5.3.5",
      "from": "glob-stream@>=5.3.2 <6.0.0",
      "resolved": "https://registry.npmjs.org/glob-stream/-/glob-stream-5.3.5.tgz",
      "dependencies": {
        "glob": {
          "version": "5.0.15",
          "from": "glob@>=5.0.3 <6.0.0",
          "resolved": "https://registry.npmjs.org/glob/-/glob-5.0.15.tgz"
        },
        "isarray": {
          "version": "0.0.1",
          "from": "isarray@0.0.1",
          "resolved": "https://registry.npmjs.org/isarray/-/isarray-0.0.1.tgz"
        },
        "readable-stream": {
          "version": "1.0.34",
          "from": "readable-stream@>=1.0.33-1 <1.1.0-0",
          "resolved": "https://registry.npmjs.org/readable-stream/-/readable-stream-1.0.34.tgz"
        },
        "string_decoder": {
          "version": "0.10.31",
          "from": "string_decoder@>=0.10.0 <0.11.0",
          "resolved": "https://registry.npmjs.org/string_decoder/-/string_decoder-0.10.31.tgz"
        },
        "through2": {
          "version": "0.6.5",
          "from": "through2@>=0.6.0 <0.7.0",
          "resolved": "https://registry.npmjs.org/through2/-/through2-0.6.5.tgz"
        }
      }
    },
    "graceful-fs": {
      "version": "4.1.15",
      "from": "graceful-fs@>=4.0.0 <5.0.0",
      "resolved": "https://registry.npmjs.org/graceful-fs/-/graceful-fs-4.1.15.tgz"
    },
    "gulp-chmod": {
      "version": "2.0.0",
      "from": "gulp-chmod@>=2.0.0 <3.0.0",
      "resolved": "https://registry.npmjs.org/gulp-chmod/-/gulp-chmod-2.0.0.tgz"
    },
    "gulp-filter": {
      "version": "5.1.0",
      "from": "gulp-filter@>=5.0.1 <6.0.0",
      "resolved": "https://registry.npmjs.org/gulp-filter/-/gulp-filter-5.1.0.tgz"
    },
    "gulp-gunzip": {
      "version": "1.0.0",
      "from": "gulp-gunzip@1.0.0",
      "resolved": "https://registry.npmjs.org/gulp-gunzip/-/gulp-gunzip-1.0.0.tgz",
      "dependencies": {
        "isarray": {
          "version": "0.0.1",
          "from": "isarray@0.0.1",
          "resolved": "https://registry.npmjs.org/isarray/-/isarray-0.0.1.tgz"
        },
        "readable-stream": {
          "version": "1.0.34",
          "from": "readable-stream@>=1.0.33-1 <1.1.0-0",
          "resolved": "https://registry.npmjs.org/readable-stream/-/readable-stream-1.0.34.tgz"
        },
        "string_decoder": {
          "version": "0.10.31",
          "from": "string_decoder@>=0.10.0 <0.11.0",
          "resolved": "https://registry.npmjs.org/string_decoder/-/string_decoder-0.10.31.tgz"
        },
        "through2": {
          "version": "0.6.5",
          "from": "through2@>=0.6.5 <0.7.0",
          "resolved": "https://registry.npmjs.org/through2/-/through2-0.6.5.tgz"
        }
      }
    },
    "gulp-sourcemaps": {
      "version": "1.6.0",
      "from": "gulp-sourcemaps@1.6.0",
      "resolved": "https://registry.npmjs.org/gulp-sourcemaps/-/gulp-sourcemaps-1.6.0.tgz",
      "dependencies": {
        "clone": {
          "version": "1.0.4",
          "from": "clone@>=1.0.0 <2.0.0",
          "resolved": "https://registry.npmjs.org/clone/-/clone-1.0.4.tgz"
        },
        "replace-ext": {
          "version": "0.0.1",
          "from": "replace-ext@0.0.1",
          "resolved": "https://registry.npmjs.org/replace-ext/-/replace-ext-0.0.1.tgz"
        },
        "vinyl": {
          "version": "1.2.0",
          "from": "vinyl@>=1.0.0 <2.0.0",
          "resolved": "https://registry.npmjs.org/vinyl/-/vinyl-1.2.0.tgz"
        }
      }
    },
    "gulp-symdest": {
      "version": "1.1.1",
      "from": "gulp-symdest@>=1.1.1 <2.0.0",
      "resolved": "https://registry.npmjs.org/gulp-symdest/-/gulp-symdest-1.1.1.tgz"
    },
    "gulp-untar": {
      "version": "0.0.7",
      "from": "gulp-untar@>=0.0.7 <0.0.8",
      "resolved": "https://registry.npmjs.org/gulp-untar/-/gulp-untar-0.0.7.tgz",
      "dependencies": {
        "clone": {
          "version": "1.0.4",
          "from": "clone@>=1.0.0 <2.0.0",
          "resolved": "https://registry.npmjs.org/clone/-/clone-1.0.4.tgz"
        },
        "replace-ext": {
          "version": "0.0.1",
          "from": "replace-ext@0.0.1",
          "resolved": "https://registry.npmjs.org/replace-ext/-/replace-ext-0.0.1.tgz"
        },
        "vinyl": {
          "version": "1.2.0",
          "from": "vinyl@>=1.2.0 <2.0.0",
          "resolved": "https://registry.npmjs.org/vinyl/-/vinyl-1.2.0.tgz"
        }
      }
    },
    "gulp-vinyl-zip": {
      "version": "2.1.2",
      "from": "gulp-vinyl-zip@>=2.1.2 <3.0.0",
      "resolved": "https://registry.npmjs.org/gulp-vinyl-zip/-/gulp-vinyl-zip-2.1.2.tgz",
      "dependencies": {
        "clone": {
          "version": "2.1.2",
          "from": "clone@>=2.1.1 <3.0.0",
          "resolved": "https://registry.npmjs.org/clone/-/clone-2.1.2.tgz"
        },
        "clone-stats": {
          "version": "1.0.0",
          "from": "clone-stats@>=1.0.0 <2.0.0",
          "resolved": "https://registry.npmjs.org/clone-stats/-/clone-stats-1.0.0.tgz"
        },
        "glob-stream": {
          "version": "6.1.0",
          "from": "glob-stream@>=6.1.0 <7.0.0",
          "resolved": "https://registry.npmjs.org/glob-stream/-/glob-stream-6.1.0.tgz"
        },
        "is-valid-glob": {
          "version": "1.0.0",
          "from": "is-valid-glob@>=1.0.0 <2.0.0",
          "resolved": "https://registry.npmjs.org/is-valid-glob/-/is-valid-glob-1.0.0.tgz"
        },
        "ordered-read-streams": {
          "version": "1.0.1",
          "from": "ordered-read-streams@>=1.0.0 <2.0.0",
          "resolved": "https://registry.npmjs.org/ordered-read-streams/-/ordered-read-streams-1.0.1.tgz"
        },
        "queue": {
          "version": "4.5.0",
          "from": "queue@>=4.2.1 <5.0.0",
          "resolved": "https://registry.npmjs.org/queue/-/queue-4.5.0.tgz"
        },
        "to-absolute-glob": {
          "version": "2.0.2",
          "from": "to-absolute-glob@>=2.0.0 <3.0.0",
          "resolved": "https://registry.npmjs.org/to-absolute-glob/-/to-absolute-glob-2.0.2.tgz"
        },
        "vinyl": {
          "version": "2.2.0",
          "from": "vinyl@>=2.0.2 <3.0.0",
          "resolved": "https://registry.npmjs.org/vinyl/-/vinyl-2.2.0.tgz"
        },
        "vinyl-fs": {
          "version": "3.0.3",
          "from": "vinyl-fs@>=3.0.3 <4.0.0",
          "resolved": "https://registry.npmjs.org/vinyl-fs/-/vinyl-fs-3.0.3.tgz"
        }
      }
    },
    "har-schema": {
      "version": "2.0.0",
      "from": "har-schema@>=2.0.0 <3.0.0",
      "resolved": "https://registry.npmjs.org/har-schema/-/har-schema-2.0.0.tgz"
    },
    "har-validator": {
      "version": "5.1.3",
      "from": "har-validator@>=5.1.0 <5.2.0",
      "resolved": "https://registry.npmjs.org/har-validator/-/har-validator-5.1.3.tgz"
    },
    "has": {
      "version": "1.0.3",
      "from": "has@>=1.0.3 <2.0.0",
      "resolved": "https://registry.npmjs.org/has/-/has-1.0.3.tgz"
    },
    "has-symbols": {
      "version": "1.0.0",
      "from": "has-symbols@>=1.0.0 <2.0.0",
      "resolved": "https://registry.npmjs.org/has-symbols/-/has-symbols-1.0.0.tgz"
    },
    "http-signature": {
      "version": "1.2.0",
      "from": "http-signature@>=1.2.0 <1.3.0",
      "resolved": "https://registry.npmjs.org/http-signature/-/http-signature-1.2.0.tgz"
    },
    "inflight": {
      "version": "1.0.6",
      "from": "inflight@>=1.0.4 <2.0.0",
      "resolved": "https://registry.npmjs.org/inflight/-/inflight-1.0.6.tgz"
    },
    "inherits": {
      "version": "2.0.3",
      "from": "inherits@>=2.0.0 <3.0.0",
      "resolved": "https://registry.npmjs.org/inherits/-/inherits-2.0.3.tgz"
    },
    "is": {
      "version": "3.2.1",
      "from": "is@>=3.2.1 <4.0.0",
      "resolved": "https://registry.npmjs.org/is/-/is-3.2.1.tgz"
    },
    "is-absolute": {
      "version": "1.0.0",
      "from": "is-absolute@>=1.0.0 <2.0.0",
      "resolved": "https://registry.npmjs.org/is-absolute/-/is-absolute-1.0.0.tgz"
    },
    "is-buffer": {
      "version": "1.1.6",
      "from": "is-buffer@>=1.1.5 <2.0.0",
      "resolved": "https://registry.npmjs.org/is-buffer/-/is-buffer-1.1.6.tgz"
    },
    "is-dotfile": {
      "version": "1.0.3",
      "from": "is-dotfile@>=1.0.0 <2.0.0",
      "resolved": "https://registry.npmjs.org/is-dotfile/-/is-dotfile-1.0.3.tgz"
    },
    "is-equal-shallow": {
      "version": "0.1.3",
      "from": "is-equal-shallow@>=0.1.3 <0.2.0",
      "resolved": "https://registry.npmjs.org/is-equal-shallow/-/is-equal-shallow-0.1.3.tgz"
    },
    "is-extendable": {
      "version": "0.1.1",
      "from": "is-extendable@>=0.1.1 <0.2.0",
      "resolved": "https://registry.npmjs.org/is-extendable/-/is-extendable-0.1.1.tgz"
    },
    "is-extglob": {
      "version": "2.1.1",
      "from": "is-extglob@>=2.1.0 <3.0.0",
      "resolved": "https://registry.npmjs.org/is-extglob/-/is-extglob-2.1.1.tgz"
    },
    "is-glob": {
      "version": "3.1.0",
      "from": "is-glob@>=3.1.0 <4.0.0",
      "resolved": "https://registry.npmjs.org/is-glob/-/is-glob-3.1.0.tgz"
    },
    "is-negated-glob": {
      "version": "1.0.0",
      "from": "is-negated-glob@>=1.0.0 <2.0.0",
      "resolved": "https://registry.npmjs.org/is-negated-glob/-/is-negated-glob-1.0.0.tgz"
    },
    "is-number": {
      "version": "2.1.0",
      "from": "is-number@>=2.1.0 <3.0.0",
      "resolved": "https://registry.npmjs.org/is-number/-/is-number-2.1.0.tgz",
      "dependencies": {
        "kind-of": {
          "version": "3.2.2",
          "from": "kind-of@>=3.0.2 <4.0.0",
          "resolved": "https://registry.npmjs.org/kind-of/-/kind-of-3.2.2.tgz"
        }
      }
    },
    "is-obj": {
      "version": "1.0.1",
      "from": "is-obj@>=1.0.0 <2.0.0",
      "resolved": "https://registry.npmjs.org/is-obj/-/is-obj-1.0.1.tgz"
    },
    "is-posix-bracket": {
      "version": "0.1.1",
      "from": "is-posix-bracket@>=0.1.0 <0.2.0",
      "resolved": "https://registry.npmjs.org/is-posix-bracket/-/is-posix-bracket-0.1.1.tgz"
    },
    "is-primitive": {
      "version": "2.0.0",
      "from": "is-primitive@>=2.0.0 <3.0.0",
      "resolved": "https://registry.npmjs.org/is-primitive/-/is-primitive-2.0.0.tgz"
    },
    "is-relative": {
      "version": "1.0.0",
      "from": "is-relative@>=1.0.0 <2.0.0",
      "resolved": "https://registry.npmjs.org/is-relative/-/is-relative-1.0.0.tgz"
    },
    "is-stream": {
      "version": "1.1.0",
      "from": "is-stream@>=1.0.1 <2.0.0",
      "resolved": "https://registry.npmjs.org/is-stream/-/is-stream-1.1.0.tgz"
    },
    "is-typedarray": {
      "version": "1.0.0",
      "from": "is-typedarray@>=1.0.0 <1.1.0",
      "resolved": "https://registry.npmjs.org/is-typedarray/-/is-typedarray-1.0.0.tgz"
    },
    "is-unc-path": {
      "version": "1.0.0",
      "from": "is-unc-path@>=1.0.0 <2.0.0",
      "resolved": "https://registry.npmjs.org/is-unc-path/-/is-unc-path-1.0.0.tgz"
    },
    "is-utf8": {
      "version": "0.2.1",
      "from": "is-utf8@>=0.2.0 <0.3.0",
      "resolved": "https://registry.npmjs.org/is-utf8/-/is-utf8-0.2.1.tgz"
    },
    "is-valid-glob": {
      "version": "0.3.0",
      "from": "is-valid-glob@>=0.3.0 <0.4.0",
      "resolved": "https://registry.npmjs.org/is-valid-glob/-/is-valid-glob-0.3.0.tgz"
    },
    "is-windows": {
      "version": "1.0.2",
      "from": "is-windows@>=1.0.1 <2.0.0",
      "resolved": "https://registry.npmjs.org/is-windows/-/is-windows-1.0.2.tgz"
    },
    "isarray": {
      "version": "1.0.0",
      "from": "isarray@>=1.0.0 <1.1.0",
      "resolved": "https://registry.npmjs.org/isarray/-/isarray-1.0.0.tgz"
    },
    "isobject": {
      "version": "2.1.0",
      "from": "isobject@>=2.0.0 <3.0.0",
      "resolved": "https://registry.npmjs.org/isobject/-/isobject-2.1.0.tgz"
    },
    "isstream": {
      "version": "0.1.2",
      "from": "isstream@>=0.1.2 <0.2.0",
      "resolved": "https://registry.npmjs.org/isstream/-/isstream-0.1.2.tgz"
    },
    "jsbn": {
      "version": "0.1.1",
      "from": "jsbn@>=0.1.0 <0.2.0",
      "resolved": "https://registry.npmjs.org/jsbn/-/jsbn-0.1.1.tgz"
    },
    "json-schema": {
      "version": "0.2.3",
      "from": "json-schema@0.2.3",
      "resolved": "https://registry.npmjs.org/json-schema/-/json-schema-0.2.3.tgz"
    },
    "json-schema-traverse": {
      "version": "0.4.1",
      "from": "json-schema-traverse@>=0.4.1 <0.5.0",
      "resolved": "https://registry.npmjs.org/json-schema-traverse/-/json-schema-traverse-0.4.1.tgz"
    },
    "json-stable-stringify": {
      "version": "1.0.1",
      "from": "json-stable-stringify@>=1.0.0 <2.0.0",
      "resolved": "https://registry.npmjs.org/json-stable-stringify/-/json-stable-stringify-1.0.1.tgz"
    },
    "json-stringify-safe": {
      "version": "5.0.1",
      "from": "json-stringify-safe@>=5.0.1 <5.1.0",
      "resolved": "https://registry.npmjs.org/json-stringify-safe/-/json-stringify-safe-5.0.1.tgz"
    },
    "jsonify": {
      "version": "0.0.0",
      "from": "jsonify@>=0.0.0 <0.1.0",
      "resolved": "https://registry.npmjs.org/jsonify/-/jsonify-0.0.0.tgz"
    },
    "jsprim": {
      "version": "1.4.1",
      "from": "jsprim@>=1.2.2 <2.0.0",
      "resolved": "https://registry.npmjs.org/jsprim/-/jsprim-1.4.1.tgz"
    },
    "kind-of": {
      "version": "1.1.0",
      "from": "kind-of@>=1.1.0 <2.0.0",
      "resolved": "https://registry.npmjs.org/kind-of/-/kind-of-1.1.0.tgz"
    },
    "lazystream": {
      "version": "1.0.0",
      "from": "lazystream@>=1.0.0 <2.0.0",
      "resolved": "https://registry.npmjs.org/lazystream/-/lazystream-1.0.0.tgz"
    },
    "lead": {
      "version": "1.0.0",
      "from": "lead@>=1.0.0 <2.0.0",
      "resolved": "https://registry.npmjs.org/lead/-/lead-1.0.0.tgz"
    },
    "lodash.isequal": {
      "version": "4.5.0",
      "from": "lodash.isequal@>=4.0.0 <5.0.0",
      "resolved": "https://registry.npmjs.org/lodash.isequal/-/lodash.isequal-4.5.0.tgz"
    },
    "map-stream": {
      "version": "0.1.0",
      "from": "map-stream@>=0.1.0 <0.2.0",
      "resolved": "https://registry.npmjs.org/map-stream/-/map-stream-0.1.0.tgz"
    },
    "math-random": {
      "version": "1.0.1",
      "from": "math-random@>=1.0.1 <2.0.0",
      "resolved": "https://registry.npmjs.org/math-random/-/math-random-1.0.1.tgz"
    },
    "merge-stream": {
      "version": "1.0.1",
      "from": "merge-stream@>=1.0.0 <2.0.0",
      "resolved": "https://registry.npmjs.org/merge-stream/-/merge-stream-1.0.1.tgz"
    },
    "micromatch": {
      "version": "2.3.11",
      "from": "micromatch@>=2.3.7 <3.0.0",
      "resolved": "https://registry.npmjs.org/micromatch/-/micromatch-2.3.11.tgz",
      "dependencies": {
        "arr-diff": {
          "version": "2.0.0",
          "from": "arr-diff@>=2.0.0 <3.0.0",
          "resolved": "https://registry.npmjs.org/arr-diff/-/arr-diff-2.0.0.tgz"
        },
        "is-extglob": {
          "version": "1.0.0",
          "from": "is-extglob@>=1.0.0 <2.0.0",
          "resolved": "https://registry.npmjs.org/is-extglob/-/is-extglob-1.0.0.tgz"
        },
        "is-glob": {
          "version": "2.0.1",
          "from": "is-glob@>=2.0.1 <3.0.0",
          "resolved": "https://registry.npmjs.org/is-glob/-/is-glob-2.0.1.tgz"
        },
        "kind-of": {
          "version": "3.2.2",
          "from": "kind-of@>=3.0.2 <4.0.0",
          "resolved": "https://registry.npmjs.org/kind-of/-/kind-of-3.2.2.tgz"
        }
      }
    },
    "mime-db": {
      "version": "1.37.0",
      "from": "mime-db@>=1.37.0 <1.38.0",
      "resolved": "https://registry.npmjs.org/mime-db/-/mime-db-1.37.0.tgz"
    },
    "mime-types": {
      "version": "2.1.21",
      "from": "mime-types@>=2.1.19 <2.2.0",
      "resolved": "https://registry.npmjs.org/mime-types/-/mime-types-2.1.21.tgz"
    },
    "minimatch": {
      "version": "3.0.4",
      "from": "minimatch@>=3.0.4 <4.0.0",
      "resolved": "https://registry.npmjs.org/minimatch/-/minimatch-3.0.4.tgz"
    },
    "minimist": {
      "version": "0.0.8",
      "from": "minimist@0.0.8",
      "resolved": "https://registry.npmjs.org/minimist/-/minimist-0.0.8.tgz"
    },
    "mkdirp": {
      "version": "0.5.1",
      "from": "mkdirp@>=0.5.1 <0.6.0",
      "resolved": "https://registry.npmjs.org/mkdirp/-/mkdirp-0.5.1.tgz"
    },
    "multimatch": {
      "version": "2.1.0",
      "from": "multimatch@>=2.0.0 <3.0.0",
      "resolved": "https://registry.npmjs.org/multimatch/-/multimatch-2.1.0.tgz"
    },
    "node.extend": {
      "version": "1.1.8",
      "from": "node.extend@>=1.1.2 <2.0.0",
      "resolved": "https://registry.npmjs.org/node.extend/-/node.extend-1.1.8.tgz"
    },
    "normalize-path": {
      "version": "2.1.1",
      "from": "normalize-path@>=2.0.1 <3.0.0",
      "resolved": "https://registry.npmjs.org/normalize-path/-/normalize-path-2.1.1.tgz"
    },
    "now-and-later": {
      "version": "2.0.0",
      "from": "now-and-later@>=2.0.0 <3.0.0",
      "resolved": "https://registry.npmjs.org/now-and-later/-/now-and-later-2.0.0.tgz"
    },
    "oauth-sign": {
      "version": "0.9.0",
      "from": "oauth-sign@>=0.9.0 <0.10.0",
      "resolved": "https://registry.npmjs.org/oauth-sign/-/oauth-sign-0.9.0.tgz"
    },
    "object-assign": {
      "version": "4.1.1",
      "from": "object-assign@>=4.0.0 <5.0.0",
      "resolved": "https://registry.npmjs.org/object-assign/-/object-assign-4.1.1.tgz"
    },
    "object-keys": {
      "version": "1.0.12",
      "from": "object-keys@>=1.0.11 <2.0.0",
      "resolved": "https://registry.npmjs.org/object-keys/-/object-keys-1.0.12.tgz"
    },
    "object.assign": {
      "version": "4.1.0",
      "from": "object.assign@>=4.0.4 <5.0.0",
      "resolved": "https://registry.npmjs.org/object.assign/-/object.assign-4.1.0.tgz"
    },
    "object.omit": {
      "version": "2.0.1",
      "from": "object.omit@>=2.0.0 <3.0.0",
      "resolved": "https://registry.npmjs.org/object.omit/-/object.omit-2.0.1.tgz"
    },
    "once": {
      "version": "1.4.0",
      "from": "once@>=1.3.0 <2.0.0",
      "resolved": "https://registry.npmjs.org/once/-/once-1.4.0.tgz"
    },
    "ordered-read-streams": {
      "version": "0.3.0",
      "from": "ordered-read-streams@>=0.3.0 <0.4.0",
      "resolved": "https://registry.npmjs.org/ordered-read-streams/-/ordered-read-streams-0.3.0.tgz"
    },
    "parse-glob": {
      "version": "3.0.4",
      "from": "parse-glob@>=3.0.4 <4.0.0",
      "resolved": "https://registry.npmjs.org/parse-glob/-/parse-glob-3.0.4.tgz",
      "dependencies": {
        "is-extglob": {
          "version": "1.0.0",
          "from": "is-extglob@>=1.0.0 <2.0.0",
          "resolved": "https://registry.npmjs.org/is-extglob/-/is-extglob-1.0.0.tgz"
        },
        "is-glob": {
          "version": "2.0.1",
          "from": "is-glob@>=2.0.0 <3.0.0",
          "resolved": "https://registry.npmjs.org/is-glob/-/is-glob-2.0.1.tgz"
        }
      }
    },
    "path-dirname": {
      "version": "1.0.2",
      "from": "path-dirname@>=1.0.0 <2.0.0",
      "resolved": "https://registry.npmjs.org/path-dirname/-/path-dirname-1.0.2.tgz"
    },
    "path-is-absolute": {
      "version": "1.0.1",
      "from": "path-is-absolute@>=1.0.0 <2.0.0",
      "resolved": "https://registry.npmjs.org/path-is-absolute/-/path-is-absolute-1.0.1.tgz"
    },
    "pause-stream": {
      "version": "0.0.11",
      "from": "pause-stream@0.0.11",
      "resolved": "https://registry.npmjs.org/pause-stream/-/pause-stream-0.0.11.tgz"
    },
    "pend": {
      "version": "1.2.0",
      "from": "pend@>=1.2.0 <1.3.0",
      "resolved": "https://registry.npmjs.org/pend/-/pend-1.2.0.tgz"
    },
    "performance-now": {
      "version": "2.1.0",
      "from": "performance-now@>=2.1.0 <3.0.0",
      "resolved": "https://registry.npmjs.org/performance-now/-/performance-now-2.1.0.tgz"
    },
    "plugin-error": {
      "version": "0.1.2",
      "from": "plugin-error@>=0.1.2 <0.2.0",
      "resolved": "https://registry.npmjs.org/plugin-error/-/plugin-error-0.1.2.tgz"
    },
    "preserve": {
      "version": "0.2.0",
      "from": "preserve@>=0.2.0 <0.3.0",
      "resolved": "https://registry.npmjs.org/preserve/-/preserve-0.2.0.tgz"
    },
    "process-nextick-args": {
      "version": "2.0.0",
      "from": "process-nextick-args@>=2.0.0 <2.1.0",
      "resolved": "https://registry.npmjs.org/process-nextick-args/-/process-nextick-args-2.0.0.tgz"
    },
    "psl": {
      "version": "1.1.29",
      "from": "psl@>=1.1.24 <2.0.0",
      "resolved": "https://registry.npmjs.org/psl/-/psl-1.1.29.tgz"
    },
    "pump": {
      "version": "2.0.1",
      "from": "pump@>=2.0.0 <3.0.0",
      "resolved": "https://registry.npmjs.org/pump/-/pump-2.0.1.tgz"
    },
    "pumpify": {
      "version": "1.5.1",
      "from": "pumpify@>=1.3.5 <2.0.0",
      "resolved": "https://registry.npmjs.org/pumpify/-/pumpify-1.5.1.tgz"
    },
    "punycode": {
      "version": "2.1.1",
      "from": "punycode@>=2.1.0 <3.0.0",
      "resolved": "https://registry.npmjs.org/punycode/-/punycode-2.1.1.tgz"
    },
    "qs": {
      "version": "6.5.2",
      "from": "qs@>=6.5.2 <6.6.0",
      "resolved": "https://registry.npmjs.org/qs/-/qs-6.5.2.tgz"
    },
    "querystringify": {
      "version": "2.1.0",
      "from": "querystringify@>=2.0.0 <3.0.0",
      "resolved": "https://registry.npmjs.org/querystringify/-/querystringify-2.1.0.tgz"
    },
    "queue": {
      "version": "3.1.0",
      "from": "queue@>=3.1.0 <4.0.0",
      "resolved": "https://registry.npmjs.org/queue/-/queue-3.1.0.tgz"
    },
    "randomatic": {
      "version": "3.1.1",
      "from": "randomatic@>=3.0.0 <4.0.0",
      "resolved": "https://registry.npmjs.org/randomatic/-/randomatic-3.1.1.tgz",
      "dependencies": {
        "is-number": {
          "version": "4.0.0",
          "from": "is-number@>=4.0.0 <5.0.0",
          "resolved": "https://registry.npmjs.org/is-number/-/is-number-4.0.0.tgz"
        },
        "kind-of": {
          "version": "6.0.2",
          "from": "kind-of@>=6.0.0 <7.0.0",
          "resolved": "https://registry.npmjs.org/kind-of/-/kind-of-6.0.2.tgz"
        }
      }
    },
    "readable-stream": {
      "version": "2.3.6",
      "from": "readable-stream@>=2.3.6 <2.4.0",
      "resolved": "https://registry.npmjs.org/readable-stream/-/readable-stream-2.3.6.tgz"
    },
    "regex-cache": {
      "version": "0.4.4",
      "from": "regex-cache@>=0.4.2 <0.5.0",
      "resolved": "https://registry.npmjs.org/regex-cache/-/regex-cache-0.4.4.tgz"
    },
    "remove-bom-buffer": {
      "version": "3.0.0",
      "from": "remove-bom-buffer@>=3.0.0 <4.0.0",
      "resolved": "https://registry.npmjs.org/remove-bom-buffer/-/remove-bom-buffer-3.0.0.tgz"
    },
    "remove-bom-stream": {
      "version": "1.2.0",
      "from": "remove-bom-stream@>=1.2.0 <2.0.0",
      "resolved": "https://registry.npmjs.org/remove-bom-stream/-/remove-bom-stream-1.2.0.tgz"
    },
    "remove-trailing-separator": {
      "version": "1.1.0",
      "from": "remove-trailing-separator@>=1.0.1 <2.0.0",
      "resolved": "https://registry.npmjs.org/remove-trailing-separator/-/remove-trailing-separator-1.1.0.tgz"
    },
    "repeat-element": {
      "version": "1.1.3",
      "from": "repeat-element@>=1.1.2 <2.0.0",
      "resolved": "https://registry.npmjs.org/repeat-element/-/repeat-element-1.1.3.tgz"
    },
    "repeat-string": {
      "version": "1.6.1",
      "from": "repeat-string@>=1.5.2 <2.0.0",
      "resolved": "https://registry.npmjs.org/repeat-string/-/repeat-string-1.6.1.tgz"
    },
    "replace-ext": {
      "version": "1.0.0",
      "from": "replace-ext@>=1.0.0 <2.0.0",
      "resolved": "https://registry.npmjs.org/replace-ext/-/replace-ext-1.0.0.tgz"
    },
    "request": {
      "version": "2.88.0",
      "from": "request@>=2.83.0 <3.0.0",
      "resolved": "https://registry.npmjs.org/request/-/request-2.88.0.tgz"
    },
    "requires-port": {
      "version": "1.0.0",
      "from": "requires-port@>=1.0.0 <2.0.0",
      "resolved": "https://registry.npmjs.org/requires-port/-/requires-port-1.0.0.tgz"
    },
    "resolve-options": {
      "version": "1.1.0",
      "from": "resolve-options@>=1.1.0 <2.0.0",
      "resolved": "https://registry.npmjs.org/resolve-options/-/resolve-options-1.1.0.tgz"
    },
    "rimraf": {
      "version": "2.6.2",
      "from": "rimraf@>=2.0.0 <3.0.0",
      "resolved": "https://registry.npmjs.org/rimraf/-/rimraf-2.6.2.tgz"
    },
    "safe-buffer": {
      "version": "5.1.2",
      "from": "safe-buffer@>=5.1.1 <5.2.0",
      "resolved": "https://registry.npmjs.org/safe-buffer/-/safe-buffer-5.1.2.tgz"
    },
    "safer-buffer": {
      "version": "2.1.2",
      "from": "safer-buffer@>=2.0.2 <3.0.0",
      "resolved": "https://registry.npmjs.org/safer-buffer/-/safer-buffer-2.1.2.tgz"
    },
    "semver": {
      "version": "5.6.0",
      "from": "semver@>=5.4.1 <6.0.0",
      "resolved": "https://registry.npmjs.org/semver/-/semver-5.6.0.tgz"
    },
    "source-map": {
      "version": "0.6.1",
      "from": "source-map@>=0.6.0 <0.7.0",
      "resolved": "https://registry.npmjs.org/source-map/-/source-map-0.6.1.tgz"
    },
    "source-map-support": {
      "version": "0.5.9",
      "from": "source-map-support@>=0.5.0 <0.6.0",
      "resolved": "https://registry.npmjs.org/source-map-support/-/source-map-support-0.5.9.tgz"
    },
    "split": {
      "version": "0.3.3",
      "from": "split@>=0.3.0 <0.4.0",
      "resolved": "https://registry.npmjs.org/split/-/split-0.3.3.tgz"
    },
    "sshpk": {
      "version": "1.15.2",
      "from": "sshpk@>=1.7.0 <2.0.0",
      "resolved": "https://registry.npmjs.org/sshpk/-/sshpk-1.15.2.tgz"
    },
    "stat-mode": {
      "version": "0.2.2",
      "from": "stat-mode@>=0.2.0 <0.3.0",
      "resolved": "https://registry.npmjs.org/stat-mode/-/stat-mode-0.2.2.tgz"
    },
    "stream-combiner": {
      "version": "0.0.4",
      "from": "stream-combiner@>=0.0.4 <0.1.0",
      "resolved": "https://registry.npmjs.org/stream-combiner/-/stream-combiner-0.0.4.tgz"
    },
    "stream-shift": {
      "version": "1.0.0",
      "from": "stream-shift@>=1.0.0 <2.0.0",
      "resolved": "https://registry.npmjs.org/stream-shift/-/stream-shift-1.0.0.tgz"
    },
    "streamfilter": {
      "version": "1.0.7",
      "from": "streamfilter@>=1.0.5 <2.0.0",
      "resolved": "https://registry.npmjs.org/streamfilter/-/streamfilter-1.0.7.tgz"
    },
    "streamifier": {
      "version": "0.1.1",
      "from": "streamifier@>=0.1.1 <0.2.0",
      "resolved": "https://registry.npmjs.org/streamifier/-/streamifier-0.1.1.tgz"
    },
    "string_decoder": {
      "version": "1.1.1",
      "from": "string_decoder@>=1.1.1 <1.2.0",
      "resolved": "https://registry.npmjs.org/string_decoder/-/string_decoder-1.1.1.tgz"
    },
    "strip-bom": {
      "version": "2.0.0",
      "from": "strip-bom@>=2.0.0 <3.0.0",
      "resolved": "https://registry.npmjs.org/strip-bom/-/strip-bom-2.0.0.tgz"
    },
    "strip-bom-stream": {
      "version": "1.0.0",
      "from": "strip-bom-stream@>=1.0.0 <2.0.0",
      "resolved": "https://registry.npmjs.org/strip-bom-stream/-/strip-bom-stream-1.0.0.tgz"
    },
    "tar": {
      "version": "2.2.1",
      "from": "tar@>=2.2.1 <3.0.0",
      "resolved": "https://registry.npmjs.org/tar/-/tar-2.2.1.tgz"
    },
    "through": {
      "version": "2.3.8",
      "from": "through@>=2.3.1 <2.4.0",
      "resolved": "https://registry.npmjs.org/through/-/through-2.3.8.tgz"
    },
    "through2": {
      "version": "2.0.5",
      "from": "through2@>=2.0.0 <3.0.0",
      "resolved": "https://registry.npmjs.org/through2/-/through2-2.0.5.tgz"
    },
    "through2-filter": {
      "version": "2.0.0",
      "from": "through2-filter@>=2.0.0 <3.0.0",
      "resolved": "https://registry.npmjs.org/through2-filter/-/through2-filter-2.0.0.tgz"
    },
    "to-absolute-glob": {
      "version": "0.1.1",
      "from": "to-absolute-glob@>=0.1.1 <0.2.0",
      "resolved": "https://registry.npmjs.org/to-absolute-glob/-/to-absolute-glob-0.1.1.tgz",
      "dependencies": {
        "extend-shallow": {
          "version": "2.0.1",
          "from": "extend-shallow@>=2.0.1 <3.0.0",
          "resolved": "https://registry.npmjs.org/extend-shallow/-/extend-shallow-2.0.1.tgz"
        }
      }
    },
    "to-through": {
      "version": "2.0.0",
      "from": "to-through@>=2.0.0 <3.0.0",
      "resolved": "https://registry.npmjs.org/to-through/-/to-through-2.0.0.tgz"
    },
    "tough-cookie": {
      "version": "2.4.3",
      "from": "tough-cookie@>=2.4.3 <2.5.0",
      "resolved": "https://registry.npmjs.org/tough-cookie/-/tough-cookie-2.4.3.tgz",
      "dependencies": {
        "punycode": {
          "version": "1.4.1",
          "from": "punycode@>=1.4.1 <2.0.0",
          "resolved": "https://registry.npmjs.org/punycode/-/punycode-1.4.1.tgz"
        }
      }
    },
    "tunnel-agent": {
      "version": "0.6.0",
      "from": "tunnel-agent@>=0.6.0 <0.7.0",
      "resolved": "https://registry.npmjs.org/tunnel-agent/-/tunnel-agent-0.6.0.tgz"
    },
    "tweetnacl": {
      "version": "0.14.5",
      "from": "tweetnacl@>=0.14.0 <0.15.0",
      "resolved": "https://registry.npmjs.org/tweetnacl/-/tweetnacl-0.14.5.tgz"
    },
    "unc-path-regex": {
      "version": "0.1.2",
      "from": "unc-path-regex@>=0.1.2 <0.2.0",
      "resolved": "https://registry.npmjs.org/unc-path-regex/-/unc-path-regex-0.1.2.tgz"
    },
    "unique-stream": {
      "version": "2.2.1",
      "from": "unique-stream@>=2.0.2 <3.0.0",
      "resolved": "https://registry.npmjs.org/unique-stream/-/unique-stream-2.2.1.tgz"
    },
    "uri-js": {
      "version": "4.2.2",
      "from": "uri-js@>=4.2.2 <5.0.0",
      "resolved": "https://registry.npmjs.org/uri-js/-/uri-js-4.2.2.tgz"
    },
    "url-parse": {
      "version": "1.4.4",
      "from": "url-parse@>=1.4.3 <2.0.0",
      "resolved": "https://registry.npmjs.org/url-parse/-/url-parse-1.4.4.tgz"
    },
    "util-deprecate": {
      "version": "1.0.2",
      "from": "util-deprecate@>=1.0.1 <1.1.0",
      "resolved": "https://registry.npmjs.org/util-deprecate/-/util-deprecate-1.0.2.tgz"
    },
    "uuid": {
      "version": "3.3.2",
      "from": "uuid@>=3.3.2 <4.0.0",
      "resolved": "https://registry.npmjs.org/uuid/-/uuid-3.3.2.tgz"
    },
    "vali-date": {
      "version": "1.0.0",
      "from": "vali-date@>=1.0.0 <2.0.0",
      "resolved": "https://registry.npmjs.org/vali-date/-/vali-date-1.0.0.tgz"
    },
    "value-or-function": {
      "version": "3.0.0",
      "from": "value-or-function@>=3.0.0 <4.0.0",
      "resolved": "https://registry.npmjs.org/value-or-function/-/value-or-function-3.0.0.tgz"
    },
    "verror": {
      "version": "1.10.0",
      "from": "verror@1.10.0",
      "resolved": "https://registry.npmjs.org/verror/-/verror-1.10.0.tgz"
    },
    "vinyl": {
      "version": "0.4.6",
      "from": "vinyl@>=0.4.6 <0.5.0",
      "resolved": "https://registry.npmjs.org/vinyl/-/vinyl-0.4.6.tgz"
    },
    "vinyl-fs": {
      "version": "2.4.4",
      "from": "vinyl-fs@>=2.4.3 <3.0.0",
      "resolved": "https://registry.npmjs.org/vinyl-fs/-/vinyl-fs-2.4.4.tgz",
      "dependencies": {
        "clone": {
          "version": "1.0.4",
          "from": "clone@>=1.0.0 <2.0.0",
          "resolved": "https://registry.npmjs.org/clone/-/clone-1.0.4.tgz"
        },
        "replace-ext": {
          "version": "0.0.1",
          "from": "replace-ext@0.0.1",
          "resolved": "https://registry.npmjs.org/replace-ext/-/replace-ext-0.0.1.tgz"
        },
        "vinyl": {
          "version": "1.2.0",
          "from": "vinyl@>=1.0.0 <2.0.0",
          "resolved": "https://registry.npmjs.org/vinyl/-/vinyl-1.2.0.tgz"
        }
      }
    },
    "vinyl-source-stream": {
      "version": "1.1.2",
      "from": "vinyl-source-stream@>=1.1.0 <2.0.0",
      "resolved": "https://registry.npmjs.org/vinyl-source-stream/-/vinyl-source-stream-1.1.2.tgz"
    },
    "vinyl-sourcemap": {
      "version": "1.1.0",
      "from": "vinyl-sourcemap@>=1.1.0 <2.0.0",
      "resolved": "https://registry.npmjs.org/vinyl-sourcemap/-/vinyl-sourcemap-1.1.0.tgz",
      "dependencies": {
        "clone": {
          "version": "2.1.2",
          "from": "clone@>=2.1.1 <3.0.0",
          "resolved": "https://registry.npmjs.org/clone/-/clone-2.1.2.tgz"
        },
        "clone-stats": {
          "version": "1.0.0",
          "from": "clone-stats@>=1.0.0 <2.0.0",
          "resolved": "https://registry.npmjs.org/clone-stats/-/clone-stats-1.0.0.tgz"
        },
        "vinyl": {
          "version": "2.2.0",
          "from": "vinyl@>=2.0.0 <3.0.0",
          "resolved": "https://registry.npmjs.org/vinyl/-/vinyl-2.2.0.tgz"
        }
      }
    },
    "vscode": {
      "version": "1.1.22",
      "from": "vscode@>=1.1.22 <2.0.0",
      "resolved": "https://registry.npmjs.org/vscode/-/vscode-1.1.22.tgz",
      "dependencies": {
        "gulp-remote-src-vscode": {
          "version": "0.5.1",
          "dependencies": {
            "event-stream": {
              "version": "4.0.1"
            }
          }
        },
        "gulp-symdest": {
          "version": "1.1.1",
          "dependencies": {
            "event-stream": {
              "version": "4.0.1"
            }
          }
        },
        "gulp-untar": {
          "version": "0.0.7",
          "dependencies": {
            "event-stream": {
              "version": "4.0.1"
            }
          }
        },
        "gulp-vinyl-zip": {
          "version": "2.1.2",
          "dependencies": {
            "event-stream": {
              "version": "4.0.1"
            }
          }
        }
      }
    },
    "wrappy": {
      "version": "1.0.2",
      "from": "wrappy@>=1.0.0 <2.0.0",
      "resolved": "https://registry.npmjs.org/wrappy/-/wrappy-1.0.2.tgz"
    },
    "xtend": {
      "version": "4.0.1",
      "from": "xtend@>=4.0.1 <4.1.0",
      "resolved": "https://registry.npmjs.org/xtend/-/xtend-4.0.1.tgz"
    },
    "yauzl": {
      "version": "2.10.0",
      "from": "yauzl@>=2.2.1 <3.0.0",
      "resolved": "https://registry.npmjs.org/yauzl/-/yauzl-2.10.0.tgz"
    },
    "yazl": {
      "version": "2.5.0",
      "from": "yazl@>=2.2.1 <3.0.0",
      "resolved": "https://registry.npmjs.org/yazl/-/yazl-2.5.0.tgz"
    }
  }
}
